PODS:
  - YMHTTP (1.0.1):
    - YMHTTP/libcurl (= 1.0.1)
  - YMHTTP/libcurl (1.0.1)

DEPENDENCIES:
  - YMHTTP (from `../`)

EXTERNAL SOURCES:
  YMHTTP:
    :path: "../"

SPEC CHECKSUMS:
  YMHTTP: acd9c189aaacb9b877ae1937ea597868f6a8c279

PODFILE CHECKSUM: 8ad634c421ecba2f8ed89cfc1b575c535293f61d

COCOAPODS: 1.10.1
