PODS:
  - YMHTTP (1.0.0):
    - YMHTTP/libcurl (= 1.0.0)
  - YMHTTP/libcurl (1.0.0)

DEPENDENCIES:
  - YMHTTP (from `../`)

EXTERNAL SOURCES:
  YMHTTP:
    :path: "../"

SPEC CHECKSUMS:
  YMHTTP: 623e13a05229bb9a3e20727bdadf9f2a4dbc3615

PODFILE CHECKSUM: 8ad634c421ecba2f8ed89cfc1b575c535293f61d

COCOAPODS: 1.10.1
